# THIS IS AN AUTOGENERATED FILE. DO NOT EDIT THIS FILE DIRECTLY.
# yarn lockfile v1


"@arrows/array@^1.4.1":
  version "1.4.1"
  resolved "https://registry.npmjs.org/@arrows/array/-/array-1.4.1.tgz"
  integrity sha512-MGYS8xi3c4tTy1ivhrVntFvufoNzje0PchjEz6G/SsWRgUKxL4tKwS6iPdO8vsaJYldagAeWMd5KRD0aX3Q39g==
  dependencies:
    "@arrows/composition" "^1.2.2"

"@arrows/composition@^1.0.0", "@arrows/composition@^1.2.2":
  version "1.2.2"
  resolved "https://registry.npmjs.org/@arrows/composition/-/composition-1.2.2.tgz"
  integrity sha512-9fh1yHwrx32lundiB3SlZ/VwuStPB4QakPsSLrGJFH6rCXvdrd060ivAZ7/2vlqPnEjBkPRRXOcG1YOu19p2GQ==

"@arrows/dispatch@^1.0.2":
  version "1.0.3"
  resolved "https://registry.npmjs.org/@arrows/dispatch/-/dispatch-1.0.3.tgz"
  integrity sha512-v/HwvrFonitYZM2PmBlAlCqVqxrkIIoiEuy5bQgn0BdfvlL0ooSBzcPzTMrtzY8eYktPyYcHg8fLbSgyybXEqw==
  dependencies:
    "@arrows/composition" "^1.2.2"

"@arrows/error@^1.0.2":
  version "1.0.2"
  resolved "https://registry.npmjs.org/@arrows/error/-/error-1.0.2.tgz"
  integrity sha512-yvkiv1ay4Z3+Z6oQsUkedsQm5aFdyPpkBUQs8vejazU/RmANABx6bMMcBPPHI4aW43VPQmXFfBzr/4FExwWTEA==

"@arrows/multimethod@^1.1.6":
  version "1.4.1"
  resolved "https://registry.npmjs.org/@arrows/multimethod/-/multimethod-1.4.1.tgz"
  integrity sha512-AZnAay0dgPnCJxn3We5uKiB88VL+1ZIF2SjZohLj6vqY2UyvB/sKdDnFP+LZNVsTC5lcnGPmLlRRkAh4sXkXsQ==
  dependencies:
    "@arrows/array" "^1.4.1"
    "@arrows/composition" "^1.2.2"
    "@arrows/error" "^1.0.2"
    fast-deep-equal "^3.1.3"

"@cspotcode/source-map-support@^0.8.0":
  version "0.8.1"
  resolved "https://registry.npmjs.org/@cspotcode/source-map-support/-/source-map-support-0.8.1.tgz"
  integrity sha512-IchNf6dN4tHoMFIn/7OE8LWZ19Y6q/67Bmf6vnGREv8RSbBVb9LPJxEcnwrcwX6ixSvaiGoomAUvu4YSxXrVgw==
  dependencies:
    "@jridgewell/trace-mapping" "0.3.9"

"@esbuild/android-arm@0.18.20":
  version "0.18.20"
  resolved "https://registry.npmjs.org/@esbuild/android-arm/-/android-arm-0.18.20.tgz"
  integrity sha512-fyi7TDI/ijKKNZTUJAQqiG5T7YjJXgnzkURqmGj13C6dCqckZBLdl4h7bkhHt/t0WP+zO9/zwroDvANaOqO5Sw==

"@esbuild/android-arm64@0.18.20":
  version "0.18.20"
  resolved "https://registry.npmjs.org/@esbuild/android-arm64/-/android-arm64-0.18.20.tgz"
  integrity sha512-Nz4rJcchGDtENV0eMKUNa6L12zz2zBDXuhj/Vjh18zGqB44Bi7MBMSXjgunJgjRhCmKOjnPuZp4Mb6OKqtMHLQ==

"@esbuild/android-x64@0.18.20":
  version "0.18.20"
  resolved "https://registry.npmjs.org/@esbuild/android-x64/-/android-x64-0.18.20.tgz"
  integrity sha512-8GDdlePJA8D6zlZYJV/jnrRAi6rOiNaCC/JclcXpB+KIuvfBN4owLtgzY2bsxnx666XjJx2kDPUmnTtR8qKQUg==

"@esbuild/darwin-arm64@0.18.20":
  version "0.18.20"
  resolved "https://registry.npmjs.org/@esbuild/darwin-arm64/-/darwin-arm64-0.18.20.tgz"
  integrity sha512-bxRHW5kHU38zS2lPTPOyuyTm+S+eobPUnTNkdJEfAddYgEcll4xkT8DB9d2008DtTbl7uJag2HuE5NZAZgnNEA==

"@esbuild/darwin-x64@0.18.20":
  version "0.18.20"
  resolved "https://registry.npmjs.org/@esbuild/darwin-x64/-/darwin-x64-0.18.20.tgz"
  integrity sha512-pc5gxlMDxzm513qPGbCbDukOdsGtKhfxD1zJKXjCCcU7ju50O7MeAZ8c4krSJcOIJGFR+qx21yMMVYwiQvyTyQ==

"@esbuild/freebsd-arm64@0.18.20":
  version "0.18.20"
  resolved "https://registry.npmjs.org/@esbuild/freebsd-arm64/-/freebsd-arm64-0.18.20.tgz"
  integrity sha512-yqDQHy4QHevpMAaxhhIwYPMv1NECwOvIpGCZkECn8w2WFHXjEwrBn3CeNIYsibZ/iZEUemj++M26W3cNR5h+Tw==

"@esbuild/freebsd-x64@0.18.20":
  version "0.18.20"
  resolved "https://registry.npmjs.org/@esbuild/freebsd-x64/-/freebsd-x64-0.18.20.tgz"
  integrity sha512-tgWRPPuQsd3RmBZwarGVHZQvtzfEBOreNuxEMKFcd5DaDn2PbBxfwLcj4+aenoh7ctXcbXmOQIn8HI6mCSw5MQ==

"@esbuild/linux-arm@0.18.20":
  version "0.18.20"
  resolved "https://registry.npmjs.org/@esbuild/linux-arm/-/linux-arm-0.18.20.tgz"
  integrity sha512-/5bHkMWnq1EgKr1V+Ybz3s1hWXok7mDFUMQ4cG10AfW3wL02PSZi5kFpYKrptDsgb2WAJIvRcDm+qIvXf/apvg==

"@esbuild/linux-arm64@0.18.20":
  version "0.18.20"
  resolved "https://registry.npmjs.org/@esbuild/linux-arm64/-/linux-arm64-0.18.20.tgz"
  integrity sha512-2YbscF+UL7SQAVIpnWvYwM+3LskyDmPhe31pE7/aoTMFKKzIc9lLbyGUpmmb8a8AixOL61sQ/mFh3jEjHYFvdA==

"@esbuild/linux-ia32@0.18.20":
  version "0.18.20"
  resolved "https://registry.npmjs.org/@esbuild/linux-ia32/-/linux-ia32-0.18.20.tgz"
  integrity sha512-P4etWwq6IsReT0E1KHU40bOnzMHoH73aXp96Fs8TIT6z9Hu8G6+0SHSw9i2isWrD2nbx2qo5yUqACgdfVGx7TA==

"@esbuild/linux-loong64@0.18.20":
  version "0.18.20"
  resolved "https://registry.npmjs.org/@esbuild/linux-loong64/-/linux-loong64-0.18.20.tgz"
  integrity sha512-nXW8nqBTrOpDLPgPY9uV+/1DjxoQ7DoB2N8eocyq8I9XuqJ7BiAMDMf9n1xZM9TgW0J8zrquIb/A7s3BJv7rjg==

"@esbuild/linux-mips64el@0.18.20":
  version "0.18.20"
  resolved "https://registry.npmjs.org/@esbuild/linux-mips64el/-/linux-mips64el-0.18.20.tgz"
  integrity sha512-d5NeaXZcHp8PzYy5VnXV3VSd2D328Zb+9dEq5HE6bw6+N86JVPExrA6O68OPwobntbNJ0pzCpUFZTo3w0GyetQ==

"@esbuild/linux-ppc64@0.18.20":
  version "0.18.20"
  resolved "https://registry.npmjs.org/@esbuild/linux-ppc64/-/linux-ppc64-0.18.20.tgz"
  integrity sha512-WHPyeScRNcmANnLQkq6AfyXRFr5D6N2sKgkFo2FqguP44Nw2eyDlbTdZwd9GYk98DZG9QItIiTlFLHJHjxP3FA==

"@esbuild/linux-riscv64@0.18.20":
  version "0.18.20"
  resolved "https://registry.npmjs.org/@esbuild/linux-riscv64/-/linux-riscv64-0.18.20.tgz"
  integrity sha512-WSxo6h5ecI5XH34KC7w5veNnKkju3zBRLEQNY7mv5mtBmrP/MjNBCAlsM2u5hDBlS3NGcTQpoBvRzqBcRtpq1A==

"@esbuild/linux-s390x@0.18.20":
  version "0.18.20"
  resolved "https://registry.npmjs.org/@esbuild/linux-s390x/-/linux-s390x-0.18.20.tgz"
  integrity sha512-+8231GMs3mAEth6Ja1iK0a1sQ3ohfcpzpRLH8uuc5/KVDFneH6jtAJLFGafpzpMRO6DzJ6AvXKze9LfFMrIHVQ==

"@esbuild/linux-x64@0.18.20":
  version "0.18.20"
  resolved "https://registry.npmjs.org/@esbuild/linux-x64/-/linux-x64-0.18.20.tgz"
  integrity sha512-UYqiqemphJcNsFEskc73jQ7B9jgwjWrSayxawS6UVFZGWrAAtkzjxSqnoclCXxWtfwLdzU+vTpcNYhpn43uP1w==

"@esbuild/netbsd-x64@0.18.20":
  version "0.18.20"
  resolved "https://registry.npmjs.org/@esbuild/netbsd-x64/-/netbsd-x64-0.18.20.tgz"
  integrity sha512-iO1c++VP6xUBUmltHZoMtCUdPlnPGdBom6IrO4gyKPFFVBKioIImVooR5I83nTew5UOYrk3gIJhbZh8X44y06A==

"@esbuild/openbsd-x64@0.18.20":
  version "0.18.20"
  resolved "https://registry.npmjs.org/@esbuild/openbsd-x64/-/openbsd-x64-0.18.20.tgz"
  integrity sha512-e5e4YSsuQfX4cxcygw/UCPIEP6wbIL+se3sxPdCiMbFLBWu0eiZOJ7WoD+ptCLrmjZBK1Wk7I6D/I3NglUGOxg==

"@esbuild/sunos-x64@0.18.20":
  version "0.18.20"
  resolved "https://registry.npmjs.org/@esbuild/sunos-x64/-/sunos-x64-0.18.20.tgz"
  integrity sha512-kDbFRFp0YpTQVVrqUd5FTYmWo45zGaXe0X8E1G/LKFC0v8x0vWrhOWSLITcCn63lmZIxfOMXtCfti/RxN/0wnQ==

"@esbuild/win32-arm64@0.18.20":
  version "0.18.20"
  resolved "https://registry.npmjs.org/@esbuild/win32-arm64/-/win32-arm64-0.18.20.tgz"
  integrity sha512-ddYFR6ItYgoaq4v4JmQQaAI5s7npztfV4Ag6NrhiaW0RrnOXqBkgwZLofVTlq1daVTQNhtI5oieTvkRPfZrePg==

"@esbuild/win32-ia32@0.18.20":
  version "0.18.20"
  resolved "https://registry.npmjs.org/@esbuild/win32-ia32/-/win32-ia32-0.18.20.tgz"
  integrity sha512-Wv7QBi3ID/rROT08SABTS7eV4hX26sVduqDOTe1MvGMjNd3EjOz4b7zeexIR62GTIEKrfJXKL9LFxTYgkyeu7g==

"@esbuild/win32-x64@0.18.20":
  version "0.18.20"
  resolved "https://registry.npmjs.org/@esbuild/win32-x64/-/win32-x64-0.18.20.tgz"
  integrity sha512-kTdfRcSiDfQca/y9QIkng02avJ+NCaQvrMejlsB3RRv5sE9rRoeBPISaZpKxHELzRxZyLvNts1P27W3wV+8geQ==

"@jridgewell/resolve-uri@^3.0.3":
  version "3.1.0"
  resolved "https://registry.npmjs.org/@jridgewell/resolve-uri/-/resolve-uri-3.1.0.tgz"
  integrity sha512-F2msla3tad+Mfht5cJq7LSXcdudKTWCVYUgw6pLFOOHSTtZlj6SWNYAp+AhuqLmWdBO2X5hPrLcu8cVP8fy28w==

"@jridgewell/sourcemap-codec@^1.4.10", "@jridgewell/sourcemap-codec@^1.4.13":
  version "1.4.14"
  resolved "https://registry.npmjs.org/@jridgewell/sourcemap-codec/-/sourcemap-codec-1.4.14.tgz"
  integrity sha512-XPSJHWmi394fuUuzDnGz1wiKqWfo1yXecHQMRf2l6hztTO+nPru658AyDngaBe7isIxEkRsPR3FZh+s7iVa4Uw==

"@jridgewell/trace-mapping@0.3.9":
  version "0.3.9"
  resolved "https://registry.npmjs.org/@jridgewell/trace-mapping/-/trace-mapping-0.3.9.tgz"
  integrity sha512-3Belt6tdc8bPgAtbcmdtNJlirVoTmEb5e2gC94PnkwEW9jI6CAHUeoG85tjWP5WquqfavoMtMwiG4P926ZKKuQ==
  dependencies:
    "@jridgewell/resolve-uri" "^3.0.3"
    "@jridgewell/sourcemap-codec" "^1.4.10"

"@tsconfig/node10@^1.0.7":
  version "1.0.9"
  resolved "https://registry.npmjs.org/@tsconfig/node10/-/node10-1.0.9.tgz"
  integrity sha512-jNsYVVxU8v5g43Erja32laIDHXeoNvFEpX33OK4d6hljo3jDhCBDhx5dhCCTMWUojscpAagGiRkBKxpdl9fxqA==

"@tsconfig/node12@^1.0.7":
  version "1.0.11"
  resolved "https://registry.npmjs.org/@tsconfig/node12/-/node12-1.0.11.tgz"
  integrity sha512-cqefuRsh12pWyGsIoBKJA9luFu3mRxCA+ORZvA4ktLSzIuCUtWVxGIuXigEwO5/ywWFMZ2QEGKWvkZG1zDMTag==

"@tsconfig/node14@^1.0.0":
  version "1.0.3"
  resolved "https://registry.npmjs.org/@tsconfig/node14/-/node14-1.0.3.tgz"
  integrity sha512-ysT8mhdixWK6Hw3i1V2AeRqZ5WfXg1G43mqoYlM2nc6388Fq5jcXyr5mRsqViLx/GJYdoL0bfXD8nmF+Zn/Iow==

"@tsconfig/node16@^1.0.2":
  version "1.0.3"
  resolved "https://registry.npmjs.org/@tsconfig/node16/-/node16-1.0.3.tgz"
  integrity sha512-yOlFc+7UtL/89t2ZhjPvvB/DeAr3r+Dq58IgzsFkOAvVC6NMJXmCGjbptdXdR9qsX7pKcTL+s87FtYREi2dEEQ==

"@types/chai-subset@^1.3.3":
  version "1.3.3"
  resolved "https://registry.npmjs.org/@types/chai-subset/-/chai-subset-1.3.3.tgz"
  integrity sha512-frBecisrNGz+F4T6bcc+NLeolfiojh5FxW2klu669+8BARtyQv2C/GkNW6FUodVe4BroGMP/wER/YDGc7rEllw==
  dependencies:
    "@types/chai" "*"

"@types/chai@*", "@types/chai@^4.3.5":
  version "4.3.5"
  resolved "https://registry.npmjs.org/@types/chai/-/chai-4.3.5.tgz"
  integrity sha512-mEo1sAde+UCE6b2hxn332f1g1E8WfYRu6p5SvTKr2ZKC1f7gFJXk4h5PyGP9Dt6gCaG8y8XhwnXWC6Iy2cmBng==

"@types/libsodium-wrappers-sumo@0.7.8":
  version "0.7.8"
  resolved "https://registry.npmjs.org/@types/libsodium-wrappers-sumo/-/libsodium-wrappers-sumo-0.7.8.tgz"
  integrity sha512-N2+df4MB/A+W0RAcTw7A5oxKgzD+Vh6Ye7lfjWIi5SdTzVLfHPzxUjhwPqHLO5Ev9fv/+VHl+sUaUuTg4fUPqw==
  dependencies:
    "@types/libsodium-wrappers" "*"

"@types/libsodium-wrappers@*":
  version "0.7.10"
  resolved "https://registry.npmjs.org/@types/libsodium-wrappers/-/libsodium-wrappers-0.7.10.tgz"
  integrity sha512-BqI9B92u+cM3ccp8mpHf+HzJ8fBlRwdmyd6+fz3p99m3V6ifT5O3zmOMi612PGkpeFeG/G6loxUnzlDNhfjPSA==

"@types/node@*":
  version "18.15.9"
  resolved "https://registry.npmjs.org/@types/node/-/node-18.15.9.tgz"
  integrity sha512-dUxhiNzBLr6IqlZXz6e/rN2YQXlFgOei/Dxy+e3cyXTJ4txSUbGT2/fmnD6zd/75jDMeW5bDee+YXxlFKHoV0A==

"@vitest/expect@0.32.2":
  version "0.32.2"
  resolved "https://registry.npmjs.org/@vitest/expect/-/expect-0.32.2.tgz"
  integrity sha512-6q5yzweLnyEv5Zz1fqK5u5E83LU+gOMVBDuxBl2d2Jfx1BAp5M+rZgc5mlyqdnxquyoiOXpXmFNkcGcfFnFH3Q==
  dependencies:
    "@vitest/spy" "0.32.2"
    "@vitest/utils" "0.32.2"
    chai "^4.3.7"

"@vitest/runner@0.32.2":
  version "0.32.2"
  resolved "https://registry.npmjs.org/@vitest/runner/-/runner-0.32.2.tgz"
  integrity sha512-06vEL0C1pomOEktGoLjzZw+1Fb+7RBRhmw/06WkDrd1akkT9i12su0ku+R/0QM69dfkIL/rAIDTG+CSuQVDcKw==
  dependencies:
    "@vitest/utils" "0.32.2"
    concordance "^5.0.4"
    p-limit "^4.0.0"
    pathe "^1.1.0"

"@vitest/snapshot@0.32.2":
  version "0.32.2"
  resolved "https://registry.npmjs.org/@vitest/snapshot/-/snapshot-0.32.2.tgz"
  integrity sha512-JwhpeH/PPc7GJX38vEfCy9LtRzf9F4er7i4OsAJyV7sjPwjj+AIR8cUgpMTWK4S3TiamzopcTyLsZDMuldoi5A==
  dependencies:
    magic-string "^0.30.0"
    pathe "^1.1.0"
    pretty-format "^27.5.1"

"@vitest/spy@0.32.2":
  version "0.32.2"
  resolved "https://registry.npmjs.org/@vitest/spy/-/spy-0.32.2.tgz"
  integrity sha512-Q/ZNILJ4ca/VzQbRM8ur3Si5Sardsh1HofatG9wsJY1RfEaw0XKP8IVax2lI1qnrk9YPuG9LA2LkZ0EI/3d4ug==
  dependencies:
    tinyspy "^2.1.0"

"@vitest/utils@0.32.2":
  version "0.32.2"
  resolved "https://registry.npmjs.org/@vitest/utils/-/utils-0.32.2.tgz"
  integrity sha512-lnJ0T5i03j0IJaeW73hxe2AuVnZ/y1BhhCOuIcl9LIzXnbpXJT9Lrt6brwKHXLOiA7MZ6N5hSJjt0xE1dGNCzQ==
  dependencies:
    diff-sequences "^29.4.3"
    loupe "^2.3.6"
    pretty-format "^27.5.1"

acorn-walk@^8.1.1, acorn-walk@^8.2.0:
  version "8.2.0"
  resolved "https://registry.npmjs.org/acorn-walk/-/acorn-walk-8.2.0.tgz"
  integrity sha512-k+iyHEuPgSw6SbuDpGQM+06HQUa04DZ3o+F6CSzXMvvI5KMvnaEqXe+YVe555R9nn6GPt404fos4wcgpw12SDA==

acorn@^8.4.1, acorn@^8.8.2, acorn@^8.9.0:
  version "8.9.0"
  resolved "https://registry.npmjs.org/acorn/-/acorn-8.9.0.tgz"
  integrity sha512-jaVNAFBHNLXspO543WnNNPZFRtavh3skAkITqD0/2aeMkKZTN+254PyhwxFYrk3vQ1xfY+2wbesJMs/JC8/PwQ==

ansi-escapes@^4.3.0:
  version "4.3.2"
  resolved "https://registry.npmjs.org/ansi-escapes/-/ansi-escapes-4.3.2.tgz"
  integrity sha512-gKXj5ALrKWQLsYG9jlTRmR/xKluxHV+Z9QEwNIgCfM1/uwPMCuzVVnh5mwTd+OuBZcwSIMbqssNWRm1lE51QaQ==
  dependencies:
    type-fest "^0.21.3"

ansi-regex@^5.0.1:
  version "5.0.1"
  resolved "https://registry.npmjs.org/ansi-regex/-/ansi-regex-5.0.1.tgz"
  integrity sha512-quJQXlTSUGL2LH9SUXo8VwsY4soanhgo6LNSm84E1LBcE8s3O0wpdiRzyR9z/ZZJMlMWv37qOOb9pdJlMUEKFQ==

ansi-styles@^4.0.0:
  version "4.3.0"
  resolved "https://registry.npmjs.org/ansi-styles/-/ansi-styles-4.3.0.tgz"
  integrity sha512-zbB9rCJAT1rbjiVDb2hqKFHNYLxgtk8NURxZ3IZwD3F6NtxbXZQCnnSi1Lkx+IDohdPlFp222wVALIheZJQSEg==
  dependencies:
    color-convert "^2.0.1"

ansi-styles@^5.0.0:
  version "5.2.0"
  resolved "https://registry.npmjs.org/ansi-styles/-/ansi-styles-5.2.0.tgz"
  integrity sha512-Cxwpt2SfTzTtXcfOlzGEee8O+c+MmUgGrNiBcXnuWxuFJHe6a5Hz7qwhwe5OgaSYI0IJvkLqWX1ASG+cJOkEiA==

arg@^4.1.0:
  version "4.1.3"
  resolved "https://registry.npmjs.org/arg/-/arg-4.1.3.tgz"
  integrity sha512-58S9QDqG0Xx27YwPSt9fJxivjYl432YCwfDMfZ+71RAqUrZef7LrKQZ3LHLOwCS4FLNBplP533Zx895SeOCHvA==

assertion-error@^1.1.0:
  version "1.1.0"
  resolved "https://registry.npmjs.org/assertion-error/-/assertion-error-1.1.0.tgz"
  integrity sha512-jgsaNduz+ndvGyFt3uSuWqvy4lCnIJiovtouQN5JZHOKCS2QuhEdbcQHFhVksz2N2U9hXJo8odG7ETyWlEeuDw==

astral-regex@^2.0.0:
  version "2.0.0"
  resolved "https://registry.npmjs.org/astral-regex/-/astral-regex-2.0.0.tgz"
  integrity sha512-Z7tMw1ytTXt5jqMcOP+OQteU1VuNK9Y02uuJtKQ1Sv69jXQKKg5cibLwGJow8yzZP+eAc18EmLGPal0bp36rvQ==

benchmark@^2.1.4:
  version "2.1.4"
  resolved "https://registry.npmjs.org/benchmark/-/benchmark-2.1.4.tgz"
  integrity sha512-l9MlfN4M1K/H2fbhfMy3B7vJd6AGKJVQn2h6Sg/Yx+KckoUA7ewS5Vv6TjSq18ooE1kS9hhAlQRH3AkXIh/aOQ==
  dependencies:
    lodash "^4.17.4"
    platform "^1.3.3"

benny@^3.7.1:
  version "3.7.1"
  resolved "https://registry.npmjs.org/benny/-/benny-3.7.1.tgz"
  integrity sha512-USzYxODdVfOS7JuQq/L0naxB788dWCiUgUTxvN+WLPt/JfcDURNNj8kN/N+uK6PDvuR67/9/55cVKGPleFQINA==
  dependencies:
    "@arrows/composition" "^1.0.0"
    "@arrows/dispatch" "^1.0.2"
    "@arrows/multimethod" "^1.1.6"
    benchmark "^2.1.4"
    common-tags "^1.8.0"
    fs-extra "^10.0.0"
    json2csv "^5.0.6"
    kleur "^4.1.4"
    log-update "^4.0.0"

blueimp-md5@^2.10.0:
  version "2.19.0"
  resolved "https://registry.npmjs.org/blueimp-md5/-/blueimp-md5-2.19.0.tgz"
  integrity sha512-DRQrD6gJyy8FbiE4s+bDoXS9hiW3Vbx5uCdwvcCf3zLHL+Iv7LtGHLpr+GZV8rHG8tK766FGYBwRbu8pELTt+w==

cac@^6.7.14:
  version "6.7.14"
  resolved "https://registry.npmjs.org/cac/-/cac-6.7.14.tgz"
  integrity sha512-b6Ilus+c3RrdDk+JhLKUAQfzzgLEPy6wcXqS7f/xe1EETvsDP6GORG7SFuOs6cID5YkqchW/LXZbX5bc8j7ZcQ==

chai@^4.3.7:
  version "4.3.7"
  resolved "https://registry.npmjs.org/chai/-/chai-4.3.7.tgz"
  integrity sha512-HLnAzZ2iupm25PlN0xFreAlBA5zaBSv3og0DdeGA4Ar6h6rJ3A0rolRUKJhSF2V10GZKDgWF/VmAEsNWjCRB+A==
  dependencies:
    assertion-error "^1.1.0"
    check-error "^1.0.2"
    deep-eql "^4.1.2"
    get-func-name "^2.0.0"
    loupe "^2.3.1"
    pathval "^1.1.1"
    type-detect "^4.0.5"

check-error@^1.0.2:
  version "1.0.2"
  resolved "https://registry.npmjs.org/check-error/-/check-error-1.0.2.tgz"
  integrity sha512-BrgHpW9NURQgzoNyjfq0Wu6VFO6D7IZEmJNdtgNqpzGG8RuNFHt2jQxWlAs4HMe119chBnv+34syEZtc6IhLtA==

cli-cursor@^3.1.0:
  version "3.1.0"
  resolved "https://registry.npmjs.org/cli-cursor/-/cli-cursor-3.1.0.tgz"
  integrity sha512-I/zHAwsKf9FqGoXM4WWRACob9+SNukZTd94DWF57E4toouRulbCxcUh6RKUEOQlYTHJnzkPMySvPNaaSLNfLZw==
  dependencies:
    restore-cursor "^3.1.0"

color-convert@^2.0.1:
  version "2.0.1"
  resolved "https://registry.npmjs.org/color-convert/-/color-convert-2.0.1.tgz"
  integrity sha512-RRECPsj7iu/xb5oKYcsFHSppFNnsj/52OVTRKb4zP5onXwVF3zVmmToNcOfGC+CRDpfK/U584fMg38ZHCaElKQ==
  dependencies:
    color-name "~1.1.4"

color-name@~1.1.4:
  version "1.1.4"
  resolved "https://registry.npmjs.org/color-name/-/color-name-1.1.4.tgz"
  integrity sha512-dOy+3AuW3a2wNbZHIuMZpTcgjGuLU/uBL/ubcZF9OXbDo8ff4O8yVp5Bf0efS8uEoYo5q4Fx7dY9OgQGXgAsQA==

commander@^6.1.0:
  version "6.2.1"
  resolved "https://registry.npmjs.org/commander/-/commander-6.2.1.tgz"
  integrity sha512-U7VdrJFnJgo4xjrHpTzu0yrHPGImdsmD95ZlgYSEajAn2JKzDhDTPG9kBTefmObL2w/ngeZnilk+OV9CG3d7UA==

common-tags@^1.8.0:
  version "1.8.2"
  resolved "https://registry.npmjs.org/common-tags/-/common-tags-1.8.2.tgz"
  integrity sha512-gk/Z852D2Wtb//0I+kRFNKKE9dIIVirjoqPoA1wJU+XePVXZfGeBpk45+A1rKO4Q43prqWBNY/MiIeRLbPWUaA==

concordance@^5.0.4:
  version "5.0.4"
  resolved "https://registry.npmjs.org/concordance/-/concordance-5.0.4.tgz"
  integrity sha512-OAcsnTEYu1ARJqWVGwf4zh4JDfHZEaSNlNccFmt8YjB2l/n19/PF2viLINHc57vO4FKIAFl2FWASIGZZWZ2Kxw==
  dependencies:
    date-time "^3.1.0"
    esutils "^2.0.3"
    fast-diff "^1.2.0"
    js-string-escape "^1.0.1"
    lodash "^4.17.15"
    md5-hex "^3.0.1"
    semver "^7.3.2"
    well-known-symbols "^2.0.0"

create-require@^1.1.0:
  version "1.1.1"
  resolved "https://registry.npmjs.org/create-require/-/create-require-1.1.1.tgz"
  integrity sha512-dcKFX3jn0MpIaXjisoRvexIJVEKzaq7z2rZKxf+MSr9TkdmHmsU4m2lcLojrj/FHl8mk5VxMmYA+ftRkP/3oKQ==

date-time@^3.1.0:
  version "3.1.0"
  resolved "https://registry.npmjs.org/date-time/-/date-time-3.1.0.tgz"
  integrity sha512-uqCUKXE5q1PNBXjPqvwhwJf9SwMoAHBgWJ6DcrnS5o+W2JOiIILl0JEdVD8SGujrNS02GGxgwAg2PN2zONgtjg==
  dependencies:
    time-zone "^1.0.0"

debug@^4.3.4:
  version "4.3.4"
  resolved "https://registry.npmjs.org/debug/-/debug-4.3.4.tgz"
  integrity sha512-PRWFHuSU3eDtQJPvnNY7Jcket1j0t5OuOsFzPPzsekD52Zl8qUfFIPEiswXqIvHWGVHOgX+7G/vCNNhehwxfkQ==
  dependencies:
    ms "2.1.2"

deep-eql@^4.1.2:
  version "4.1.3"
  resolved "https://registry.npmjs.org/deep-eql/-/deep-eql-4.1.3.tgz"
  integrity sha512-WaEtAOpRA1MQ0eohqZjpGD8zdI0Ovsm8mmFhaDN8dvDZzyoUMcYDnf5Y6iu7HTXxf8JDS23qWa4a+hKCDyOPzw==
  dependencies:
    type-detect "^4.0.0"

diff-sequences@^29.4.3:
  version "29.4.3"
  resolved "https://registry.npmjs.org/diff-sequences/-/diff-sequences-29.4.3.tgz"
  integrity sha512-ofrBgwpPhCD85kMKtE9RYFFq6OC1A89oW2vvgWZNCwxrUpRUILopY7lsYyMDSjc8g6U6aiO0Qubg6r4Wgt5ZnA==

diff@^4.0.1:
  version "4.0.2"
  resolved "https://registry.npmjs.org/diff/-/diff-4.0.2.tgz"
  integrity sha512-58lmxKSA4BNyLz+HHMUzlOEpg09FV+ev6ZMe3vJihgdxzgcwZ8VoEEPmALCZG9LmqfVoNMMKpttIYTVG6uDY7A==

emoji-regex@^8.0.0:
  version "8.0.0"
  resolved "https://registry.npmjs.org/emoji-regex/-/emoji-regex-8.0.0.tgz"
  integrity sha512-MSjYzcWNOA0ewAHpz0MxpYFvwg6yjy1NG3xteoqz644VCo/RPgnr1/GGt+ic3iJTzQ8Eu3TdM14SawnVUmGE6A==

esbuild@^0.18.10:
  version "0.18.20"
  resolved "https://registry.npmjs.org/esbuild/-/esbuild-0.18.20.tgz"
  integrity sha512-ceqxoedUrcayh7Y7ZX6NdbbDzGROiyVBgC4PriJThBKSVPWnnFHZAkfI1lJT8QFkOwH4qOS2SJkS4wvpGl8BpA==
  optionalDependencies:
    "@esbuild/android-arm" "0.18.20"
    "@esbuild/android-arm64" "0.18.20"
    "@esbuild/android-x64" "0.18.20"
    "@esbuild/darwin-arm64" "0.18.20"
    "@esbuild/darwin-x64" "0.18.20"
    "@esbuild/freebsd-arm64" "0.18.20"
    "@esbuild/freebsd-x64" "0.18.20"
    "@esbuild/linux-arm" "0.18.20"
    "@esbuild/linux-arm64" "0.18.20"
    "@esbuild/linux-ia32" "0.18.20"
    "@esbuild/linux-loong64" "0.18.20"
    "@esbuild/linux-mips64el" "0.18.20"
    "@esbuild/linux-ppc64" "0.18.20"
    "@esbuild/linux-riscv64" "0.18.20"
    "@esbuild/linux-s390x" "0.18.20"
    "@esbuild/linux-x64" "0.18.20"
    "@esbuild/netbsd-x64" "0.18.20"
    "@esbuild/openbsd-x64" "0.18.20"
    "@esbuild/sunos-x64" "0.18.20"
    "@esbuild/win32-arm64" "0.18.20"
    "@esbuild/win32-ia32" "0.18.20"
    "@esbuild/win32-x64" "0.18.20"

esutils@^2.0.3:
  version "2.0.3"
  resolved "https://registry.npmjs.org/esutils/-/esutils-2.0.3.tgz"
  integrity sha512-kVscqXk4OCp68SZ0dkgEKVi6/8ij300KBWTJq32P/dYeWTSwK41WyTxalN1eRmA5Z9UU/LX9D7FWSmV9SAYx6g==

fast-deep-equal@^3.1.3:
  version "3.1.3"
  resolved "https://registry.npmjs.org/fast-deep-equal/-/fast-deep-equal-3.1.3.tgz"
  integrity sha512-f3qQ9oQy9j2AhBe/H9VC91wLmKBCCU/gDOnKNAYG5hswO7BLKj09Hc5HYNz9cGI++xlpDCIgDaitVs03ATR84Q==

fast-diff@^1.2.0:
  version "1.3.0"
  resolved "https://registry.npmjs.org/fast-diff/-/fast-diff-1.3.0.tgz"
  integrity sha512-VxPP4NqbUjj6MaAOafWeUn2cXWLcCtljklUtZf0Ind4XQ+QPtmA0b18zZy0jIQx+ExRVCR/ZQpBmik5lXshNsw==

fs-extra@^10.0.0:
  version "10.1.0"
  resolved "https://registry.npmjs.org/fs-extra/-/fs-extra-10.1.0.tgz"
  integrity sha512-oRXApq54ETRj4eMiFzGnHWGy+zo5raudjuxN0b8H7s/RU2oW0Wvsx9O0ACRN/kRq9E8Vu/ReskGB5o3ji+FzHQ==
  dependencies:
    graceful-fs "^4.2.0"
    jsonfile "^6.0.1"
    universalify "^2.0.0"

fsevents@~2.3.2:
  version "2.3.2"
  resolved "https://registry.npmjs.org/fsevents/-/fsevents-2.3.2.tgz"
  integrity sha512-xiqMQR4xAeHTuB9uWm+fFRcIOgKBMiOBP+eXiyT7jsgVCq1bkVygt00oASowB7EdtpOHaaPgKt812P9ab+DDKA==

get-func-name@^2.0.0:
  version "2.0.2"
  resolved "https://registry.npmjs.org/get-func-name/-/get-func-name-2.0.2.tgz"
  integrity sha512-8vXOvuE167CtIc3OyItco7N/dpRtBbYOsPsXCz7X/PMnlGjYjSGuZJgM1Y7mmew7BKf9BqvLX2tnOVy1BBUsxQ==

graceful-fs@^4.1.6, graceful-fs@^4.2.0:
  version "4.2.11"
  resolved "https://registry.npmjs.org/graceful-fs/-/graceful-fs-4.2.11.tgz"
  integrity sha512-RbJ5/jmFcNNCcDV5o9eTnBLJ/HszWV0P73bc+Ff4nS/rJj+YaS6IGyiOL0VoBYX+l1Wrl3k63h/KrH+nhJ0XvQ==

is-fullwidth-code-point@^3.0.0:
  version "3.0.0"
  resolved "https://registry.npmjs.org/is-fullwidth-code-point/-/is-fullwidth-code-point-3.0.0.tgz"
  integrity sha512-zymm5+u+sCsSWyD9qNaejV3DFvhCKclKdizYaJUuHA83RLjb7nSuGnddCHGv0hk+KY7BMAlsWeK4Ueg6EV6XQg==

js-string-escape@^1.0.1:
  version "1.0.1"
  resolved "https://registry.npmjs.org/js-string-escape/-/js-string-escape-1.0.1.tgz"
  integrity sha512-Smw4xcfIQ5LVjAOuJCvN/zIodzA/BBSsluuoSykP+lUvScIi4U6RJLfwHet5cxFnCswUjISV8oAXaqaJDY3chg==

json2csv@^5.0.6:
  version "5.0.7"
  resolved "https://registry.npmjs.org/json2csv/-/json2csv-5.0.7.tgz"
  integrity sha512-YRZbUnyaJZLZUJSRi2G/MqahCyRv9n/ds+4oIetjDF3jWQA7AG7iSeKTiZiCNqtMZM7HDyt0e/W6lEnoGEmMGA==
  dependencies:
    commander "^6.1.0"
    jsonparse "^1.3.1"
    lodash.get "^4.4.2"

jsonc-parser@^3.2.0:
  version "3.2.0"
  resolved "https://registry.npmjs.org/jsonc-parser/-/jsonc-parser-3.2.0.tgz"
  integrity sha512-gfFQZrcTc8CnKXp6Y4/CBT3fTc0OVuDofpre4aEeEpSBPV5X5v4+Vmx+8snU7RLPrNHPKSgLxGo9YuQzz20o+w==

jsonfile@^6.0.1:
  version "6.1.0"
  resolved "https://registry.npmjs.org/jsonfile/-/jsonfile-6.1.0.tgz"
  integrity sha512-5dgndWOriYSm5cnYaJNhalLNDKOqFwyDB/rr1E9ZsGciGvKPs8R2xYGCacuf3z6K1YKDz182fd+fY3cn3pMqXQ==
  dependencies:
    universalify "^2.0.0"
  optionalDependencies:
    graceful-fs "^4.1.6"

jsonparse@^1.3.1:
  version "1.3.1"
  resolved "https://registry.npmjs.org/jsonparse/-/jsonparse-1.3.1.tgz"
  integrity sha512-POQXvpdL69+CluYsillJ7SUhKvytYjW9vG/GKpnf+xP8UWgYEM/RaMzHHofbALDiKbbP1W8UEYmgGl39WkPZsg==

kleur@^4.1.4:
  version "4.1.5"
  resolved "https://registry.npmjs.org/kleur/-/kleur-4.1.5.tgz"
  integrity sha512-o+NO+8WrRiQEE4/7nwRJhN1HWpVmJm511pBHUxPLtp0BUISzlBplORYSmTclCnJvQq2tKu/sgl3xVpkc7ZWuQQ==

libsodium-sumo@^0.7.15:
  version "0.7.15"
  resolved "https://registry.npmjs.org/libsodium-sumo/-/libsodium-sumo-0.7.15.tgz"
  integrity sha512-5tPmqPmq8T8Nikpm1Nqj0hBHvsLFCXvdhBFV7SGOitQPZAA6jso8XoL0r4L7vmfKXr486fiQInvErHtEvizFMw==

libsodium-wrappers-sumo@^0.7.15:
  version "0.7.15"
  resolved "https://registry.npmjs.org/libsodium-wrappers-sumo/-/libsodium-wrappers-sumo-0.7.15.tgz"
  integrity sha512-aSWY8wKDZh5TC7rMvEdTHoyppVq/1dTSAeAR7H6pzd6QRT3vQWcT5pGwCotLcpPEOLXX6VvqihSPkpEhYAjANA==
  dependencies:
    libsodium-sumo "^0.7.15"

local-pkg@^0.4.3:
  version "0.4.3"
  resolved "https://registry.npmjs.org/local-pkg/-/local-pkg-0.4.3.tgz"
  integrity sha512-SFppqq5p42fe2qcZQqqEOiVRXl+WCP1MdT6k7BDEW1j++sp5fIY+/fdRQitvKgB5BrBcmrs5m/L0v2FrU5MY1g==

lodash.get@^4.4.2:
  version "4.4.2"
  resolved "https://registry.npmjs.org/lodash.get/-/lodash.get-4.4.2.tgz"
  integrity sha512-z+Uw/vLuy6gQe8cfaFWD7p0wVv8fJl3mbzXh33RS+0oW2wvUqiRXiQ69gLWSLpgB5/6sU+r6BlQR0MBILadqTQ==

lodash@^4.17.15, lodash@^4.17.4:
  version "4.17.21"
  resolved "https://registry.npmjs.org/lodash/-/lodash-4.17.21.tgz"
  integrity sha512-v2kDEe57lecTulaDIuNTPy3Ry4gLGJ6Z1O3vE1krgXZNrsQ+LFTGHVxVjcXPs17LhbZVGedAJv8XZ1tvj5FvSg==

log-update@^4.0.0:
  version "4.0.0"
  resolved "https://registry.npmjs.org/log-update/-/log-update-4.0.0.tgz"
  integrity sha512-9fkkDevMefjg0mmzWFBW8YkFP91OrizzkW3diF7CpG+S2EYdy4+TVfGwz1zeF8x7hCx1ovSPTOE9Ngib74qqUg==
  dependencies:
    ansi-escapes "^4.3.0"
    cli-cursor "^3.1.0"
    slice-ansi "^4.0.0"
    wrap-ansi "^6.2.0"

loupe@^2.3.1, loupe@^2.3.6:
  version "2.3.6"
  resolved "https://registry.npmjs.org/loupe/-/loupe-2.3.6.tgz"
  integrity sha512-RaPMZKiMy8/JruncMU5Bt6na1eftNoo++R4Y+N2FrxkDVTrGvcyzFTsaGif4QTeKESheMGegbhw6iUAq+5A8zA==
  dependencies:
    get-func-name "^2.0.0"

lru-cache@^6.0.0:
  version "6.0.0"
  resolved "https://registry.npmjs.org/lru-cache/-/lru-cache-6.0.0.tgz"
  integrity sha512-Jo6dJ04CmSjuznwJSS3pUeWmd/H0ffTlkXXgwZi+eq1UCmqQwCh+eLsYOYCwY991i2Fah4h1BEMCx4qThGbsiA==
  dependencies:
    yallist "^4.0.0"

magic-string@^0.30.0:
  version "0.30.0"
  resolved "https://registry.npmjs.org/magic-string/-/magic-string-0.30.0.tgz"
  integrity sha512-LA+31JYDJLs82r2ScLrlz1GjSgu66ZV518eyWT+S8VhyQn/JL0u9MeBOvQMGYiPk1DBiSN9DDMOcXvigJZaViQ==
  dependencies:
    "@jridgewell/sourcemap-codec" "^1.4.13"

make-error@^1.1.1:
  version "1.3.6"
  resolved "https://registry.npmjs.org/make-error/-/make-error-1.3.6.tgz"
  integrity sha512-s8UhlNe7vPKomQhC1qFelMokr/Sc3AgNbso3n74mVPA5LTZwkB9NlXf4XPamLxJE8h0gh73rM94xvwRT2CVInw==

md5-hex@^3.0.1:
  version "3.0.1"
  resolved "https://registry.npmjs.org/md5-hex/-/md5-hex-3.0.1.tgz"
  integrity sha512-BUiRtTtV39LIJwinWBjqVsU9xhdnz7/i889V859IBFpuqGAj6LuOvHv5XLbgZ2R7ptJoJaEcxkv88/h25T7Ciw==
  dependencies:
    blueimp-md5 "^2.10.0"

mimic-fn@^2.1.0:
  version "2.1.0"
  resolved "https://registry.npmjs.org/mimic-fn/-/mimic-fn-2.1.0.tgz"
  integrity sha512-OqbOk5oEQeAZ8WXWydlu9HJjz9WVdEIvamMCcXmuqUYjTknH/sqsWvhQ3vgwKFRR1HpjvNBKQ37nbJgYzGqGcg==

mlly@^1.2.0:
  version "1.4.0"
  resolved "https://registry.npmjs.org/mlly/-/mlly-1.4.0.tgz"
  integrity sha512-ua8PAThnTwpprIaU47EPeZ/bPUVp2QYBbWMphUQpVdBI3Lgqzm5KZQ45Agm3YJedHXaIHl6pBGabaLSUPPSptg==
  dependencies:
    acorn "^8.9.0"
    pathe "^1.1.1"
    pkg-types "^1.0.3"
    ufo "^1.1.2"

ms@2.1.2:
  version "2.1.2"
  resolved "https://registry.npmjs.org/ms/-/ms-2.1.2.tgz"
  integrity sha512-sGkPx+VjMtmA6MX27oA4FBFELFCZZ4S4XqeGOXCv68tT+jb3vk/RyaKWP0PTKyWtmLSM0b+adUTEvbs1PEaH2w==

nanoid@^3.3.7:
  version "3.3.8"
  resolved "https://registry.npmjs.org/nanoid/-/nanoid-3.3.8.tgz"
  integrity sha512-WNLf5Sd8oZxOm+TzppcYk8gVOgP+l58xNy58D0nbUnOxOWRWvlcCV4kUF7ltmI6PsrLl/BgKEyS4mqsGChFN0w==

node-gyp-build@^4.8.0:
  version "4.8.4"
  resolved "https://registry.npmjs.org/node-gyp-build/-/node-gyp-build-4.8.4.tgz"
  integrity sha512-IRUxE4BVsHWXkV/SFOut4qTlagw2aM8T5/vnTsmrHJvVoKueJHRc/JaFND7QDDc61kLYUJ6qlZM3sqTSyx2dTw==

onetime@^5.1.0:
  version "5.1.2"
  resolved "https://registry.npmjs.org/onetime/-/onetime-5.1.2.tgz"
  integrity sha512-kbpaSSGJTWdAY5KPVeMOKXSrPtr8C8C7wodJbcsd51jRnmD+GZu8Y0VoU6Dm5Z4vWr0Ig/1NKuWRKf7j5aaYSg==
  dependencies:
    mimic-fn "^2.1.0"

p-limit@^4.0.0:
  version "4.0.0"
  resolved "https://registry.npmjs.org/p-limit/-/p-limit-4.0.0.tgz"
  integrity sha512-5b0R4txpzjPWVw/cXXUResoD4hb6U/x9BH08L7nw+GN1sezDzPdxeRvpc9c433fZhBan/wusjbCsqwqm4EIBIQ==
  dependencies:
    yocto-queue "^1.0.0"

pathe@^1.1.0, pathe@^1.1.1:
  version "1.1.1"
  resolved "https://registry.npmjs.org/pathe/-/pathe-1.1.1.tgz"
  integrity sha512-d+RQGp0MAYTIaDBIMmOfMwz3E+LOZnxx1HZd5R18mmCZY0QBlK0LDZfPc8FW8Ed2DlvsuE6PRjroDY+wg4+j/Q==

pathval@^1.1.1:
  version "1.1.1"
  resolved "https://registry.npmjs.org/pathval/-/pathval-1.1.1.tgz"
  integrity sha512-Dp6zGqpTdETdR63lehJYPeIOqpiNBNtc7BpWSLrOje7UaIsE5aY92r/AunQA7rsXvet3lrJ3JnZX29UPTKXyKQ==

picocolors@^1.0.0, picocolors@^1.1.1:
  version "1.1.1"
  resolved "https://registry.npmjs.org/picocolors/-/picocolors-1.1.1.tgz"
  integrity sha512-xceH2snhtb5M9liqDsmEw56le376mTZkEX/jEb/RxNFyegNul7eNslCXP9FDj/Lcu0X8KEyMceP2ntpaHrDEVA==

pkg-types@^1.0.3:
  version "1.0.3"
  resolved "https://registry.npmjs.org/pkg-types/-/pkg-types-1.0.3.tgz"
  integrity sha512-nN7pYi0AQqJnoLPC9eHFQ8AcyaixBUOwvqc5TDnIKCMEE6I0y8P7OKA7fPexsXGCGxQDl/cmrLAp26LhcwxZ4A==
  dependencies:
    jsonc-parser "^3.2.0"
    mlly "^1.2.0"
    pathe "^1.1.0"

platform@^1.3.3:
  version "1.3.6"
  resolved "https://registry.npmjs.org/platform/-/platform-1.3.6.tgz"
  integrity sha512-fnWVljUchTro6RiCFvCXBbNhJc2NijN7oIQxbwsyL0buWJPG85v81ehlHI9fXrJsMNgTofEoWIQeClKpgxFLrg==

postcss@^8.4.27:
  version "8.4.49"
  resolved "https://registry.npmjs.org/postcss/-/postcss-8.4.49.tgz"
  integrity sha512-OCVPnIObs4N29kxTjzLfUryOkvZEq+pf8jTF0lg8E7uETuWHA+v7j3c/xJmiqpX450191LlmZfUKkXxkTry7nA==
  dependencies:
    nanoid "^3.3.7"
    picocolors "^1.1.1"
    source-map-js "^1.2.1"

pretty-format@^27.5.1:
  version "27.5.1"
  resolved "https://registry.npmjs.org/pretty-format/-/pretty-format-27.5.1.tgz"
  integrity sha512-Qb1gy5OrP5+zDf2Bvnzdl3jsTf1qXVMazbvCoKhtKqVs4/YK4ozX4gKQJJVyNe+cajNPn0KoC0MC3FUmaHWEmQ==
  dependencies:
    ansi-regex "^5.0.1"
    ansi-styles "^5.0.0"
    react-is "^17.0.1"

react-is@^17.0.1:
  version "17.0.2"
  resolved "https://registry.npmjs.org/react-is/-/react-is-17.0.2.tgz"
  integrity sha512-w2GsyukL62IJnlaff/nRegPQR94C/XXamvMWmSHRJ4y7Ts/4ocGRmTHvOs8PSE6pB3dWOrD/nueuU5sduBsQ4w==

restore-cursor@^3.1.0:
  version "3.1.0"
  resolved "https://registry.npmjs.org/restore-cursor/-/restore-cursor-3.1.0.tgz"
  integrity sha512-l+sSefzHpj5qimhFSE5a8nufZYAM3sBSVMAPtYkmC+4EH2anSGaEMXSD0izRQbu9nfyQ9y5JrVmp7E8oZrUjvA==
  dependencies:
    onetime "^5.1.0"
    signal-exit "^3.0.2"

rollup@^3.27.1:
  version "3.29.5"
  resolved "https://registry.npmjs.org/rollup/-/rollup-3.29.5.tgz"
  integrity sha512-GVsDdsbJzzy4S/v3dqWPJ7EfvZJfCHiDqe80IyrF59LYuP+e6U1LJoUqeuqRbwAWoMNoXivMNeNAOf5E22VA1w==
  optionalDependencies:
    fsevents "~2.3.2"

semver@^7.3.2:
  version "7.5.3"
  resolved "https://registry.npmjs.org/semver/-/semver-7.5.3.tgz"
  integrity sha512-QBlUtyVk/5EeHbi7X0fw6liDZc7BBmEaSYn01fMU1OUYbf6GPsbTtd8WmnqbI20SeycoHSeiybkE/q1Q+qlThQ==
  dependencies:
    lru-cache "^6.0.0"

siginfo@^2.0.0:
  version "2.0.0"
  resolved "https://registry.npmjs.org/siginfo/-/siginfo-2.0.0.tgz"
  integrity sha512-ybx0WO1/8bSBLEWXZvEd7gMW3Sn3JFlW3TvX1nREbDLRNQNaeNN8WK0meBwPdAaOI7TtRRRJn/Es1zhrrCHu7g==

signal-exit@^3.0.2:
  version "3.0.7"
  resolved "https://registry.npmjs.org/signal-exit/-/signal-exit-3.0.7.tgz"
  integrity sha512-wnD2ZE+l+SPC/uoS0vXeE9L1+0wuaMqKlfz9AMUo38JsyLSBWSFcHR1Rri62LZc12vLr1gb3jl7iwQhgwpAbGQ==

slice-ansi@^4.0.0:
  version "4.0.0"
  resolved "https://registry.npmjs.org/slice-ansi/-/slice-ansi-4.0.0.tgz"
  integrity sha512-qMCMfhY040cVHT43K9BFygqYbUPFZKHOg7K73mtTWJRb8pyP3fzf4Ixd5SzdEJQ6MRUg/WBnOLxghZtKKurENQ==
  dependencies:
    ansi-styles "^4.0.0"
    astral-regex "^2.0.0"
    is-fullwidth-code-point "^3.0.0"

sodium-native@^4.1.1:
  version "4.2.0"
  resolved "https://registry.npmjs.org/sodium-native/-/sodium-native-4.2.0.tgz"
  integrity sha512-rdJRAf/RE/IRFUUoUsz10slNAQDTGz5ChpIeR1Ti0BtGYstl6Uok4hHALPBdnFcLml6qXJ2pDd0/De09mPa6mg==
  dependencies:
    node-gyp-build "^4.8.0"

source-map-js@^1.2.1:
  version "1.2.1"
  resolved "https://registry.npmjs.org/source-map-js/-/source-map-js-1.2.1.tgz"
  integrity sha512-UXWMKhLOwVKb728IUtQPXxfYU+usdybtUrK/8uGE8CQMvrhOpwvzDBwj0QhSL7MQc7vIsISBG8VQ8+IDQxpfQA==

stackback@0.0.2:
  version "0.0.2"
  resolved "https://registry.npmjs.org/stackback/-/stackback-0.0.2.tgz"
  integrity sha512-1XMJE5fQo1jGH6Y/7ebnwPOBEkIEnT4QF32d5R1+VXdXveM0IBMJt8zfaxX1P3QhVwrYe+576+jkANtSS2mBbw==

std-env@^3.3.2:
  version "3.3.2"
  resolved "https://registry.npmjs.org/std-env/-/std-env-3.3.2.tgz"
  integrity sha512-uUZI65yrV2Qva5gqE0+A7uVAvO40iPo6jGhs7s8keRfHCmtg+uB2X6EiLGCI9IgL1J17xGhvoOqSz79lzICPTA==

string-width@^4.1.0:
  version "4.2.3"
  resolved "https://registry.npmjs.org/string-width/-/string-width-4.2.3.tgz"
  integrity sha512-wKyQRQpjJ0sIp62ErSZdGsjMJWsap5oRNihHhu6G7JVO/9jIB6UyevL+tXuOqrng8j/cxKTWyWUwvSTriiZz/g==
  dependencies:
    emoji-regex "^8.0.0"
    is-fullwidth-code-point "^3.0.0"
    strip-ansi "^6.0.1"

strip-ansi@^6.0.0, strip-ansi@^6.0.1:
  version "6.0.1"
  resolved "https://registry.npmjs.org/strip-ansi/-/strip-ansi-6.0.1.tgz"
  integrity sha512-Y38VPSHcqkFrCpFnQ9vuSXmquuv5oXOKpGeT6aGrr3o3Gc9AlVa6JBfUSOCnbxGGZF+/0ooI7KrPuUSztUdU5A==
  dependencies:
    ansi-regex "^5.0.1"

strip-literal@^1.0.1:
  version "1.0.1"
  resolved "https://registry.npmjs.org/strip-literal/-/strip-literal-1.0.1.tgz"
  integrity sha512-QZTsipNpa2Ppr6v1AmJHESqJ3Uz247MUS0OjrnnZjFAvEoWqxuyFuXn2xLgMtRnijJShAa1HL0gtJyUs7u7n3Q==
  dependencies:
    acorn "^8.8.2"

time-zone@^1.0.0:
  version "1.0.0"
  resolved "https://registry.npmjs.org/time-zone/-/time-zone-1.0.0.tgz"
  integrity sha512-TIsDdtKo6+XrPtiTm1ssmMngN1sAhyKnTO2kunQWqNPWIVvCm15Wmw4SWInwTVgJ5u/Tr04+8Ei9TNcw4x4ONA==

tinybench@^2.5.0:
  version "2.5.0"
  resolved "https://registry.npmjs.org/tinybench/-/tinybench-2.5.0.tgz"
  integrity sha512-kRwSG8Zx4tjF9ZiyH4bhaebu+EDz1BOx9hOigYHlUW4xxI/wKIUQUqo018UlU4ar6ATPBsaMrdbKZ+tmPdohFA==

tinypool@^0.5.0:
  version "0.5.0"
  resolved "https://registry.npmjs.org/tinypool/-/tinypool-0.5.0.tgz"
  integrity sha512-paHQtnrlS1QZYKF/GnLoOM/DN9fqaGOFbCbxzAhwniySnzl9Ebk8w73/dd34DAhe/obUbPAOldTyYXQZxnPBPQ==

tinyspy@^2.1.0:
  version "2.1.1"
  resolved "https://registry.npmjs.org/tinyspy/-/tinyspy-2.1.1.tgz"
  integrity sha512-XPJL2uSzcOyBMky6OFrusqWlzfFrXtE0hPuMgW8A2HmaqrPo4ZQHRN/V0QXN3FSjKxpsbRrFc5LI7KOwBsT1/w==

ts-node@^10.9.1:
  version "10.9.1"
  resolved "https://registry.npmjs.org/ts-node/-/ts-node-10.9.1.tgz"
  integrity sha512-NtVysVPkxxrwFGUUxGYhfux8k78pQB3JqYBXlLRZgdGUqTO5wU/UyHop5p70iEbGhB7q5KmiZiU0Y3KlJrScEw==
  dependencies:
    "@cspotcode/source-map-support" "^0.8.0"
    "@tsconfig/node10" "^1.0.7"
    "@tsconfig/node12" "^1.0.7"
    "@tsconfig/node14" "^1.0.0"
    "@tsconfig/node16" "^1.0.2"
    acorn "^8.4.1"
    acorn-walk "^8.1.1"
    arg "^4.1.0"
    create-require "^1.1.0"
    diff "^4.0.1"
    make-error "^1.1.1"
    v8-compile-cache-lib "^3.0.1"
    yn "3.1.1"

type-detect@^4.0.0, type-detect@^4.0.5:
  version "4.0.8"
  resolved "https://registry.npmjs.org/type-detect/-/type-detect-4.0.8.tgz"
  integrity sha512-0fr/mIH1dlO+x7TlcMy+bIDqKPsw/70tVyeHW787goQjhmqaZe10uwLujubK9q9Lg6Fiho1KUKDYz0Z7k7g5/g==

type-fest@^0.21.3:
  version "0.21.3"
  resolved "https://registry.npmjs.org/type-fest/-/type-fest-0.21.3.tgz"
  integrity sha512-t0rzBq87m3fVcduHDUFhKmyyX+9eo6WQjZvf51Ea/M0Q7+T374Jp1aUiyUl0GKxp8M/OETVHSDvmkyPgvX+X2w==

ufo@^1.1.2:
  version "1.1.2"
  resolved "https://registry.npmjs.org/ufo/-/ufo-1.1.2.tgz"
  integrity sha512-TrY6DsjTQQgyS3E3dBaOXf0TpPD8u9FVrVYmKVegJuFw51n/YB9XPt+U6ydzFG5ZIN7+DIjPbNmXoBj9esYhgQ==

universalify@^2.0.0:
  version "2.0.0"
  resolved "https://registry.npmjs.org/universalify/-/universalify-2.0.0.tgz"
  integrity sha512-hAZsKq7Yy11Zu1DE0OzWjw7nnLZmJZYTDZZyEFHZdUhV8FkH5MCfoU1XMaxXovpyW5nq5scPqq0ZDP9Zyl04oQ==

v8-compile-cache-lib@^3.0.1:
  version "3.0.1"
  resolved "https://registry.npmjs.org/v8-compile-cache-lib/-/v8-compile-cache-lib-3.0.1.tgz"
  integrity sha512-wa7YjyUGfNZngI/vtK0UHAN+lgDCxBPCylVXGp0zu59Fz5aiGtNXaq3DhIov063MorB+VfufLh3JlF2KdTK3xg==

vite-node@0.32.2:
  version "0.32.2"
  resolved "https://registry.npmjs.org/vite-node/-/vite-node-0.32.2.tgz"
  integrity sha512-dTQ1DCLwl2aEseov7cfQ+kDMNJpM1ebpyMMMwWzBvLbis8Nla/6c9WQcqpPssTwS6Rp/+U6KwlIj8Eapw4bLdA==
  dependencies:
    cac "^6.7.14"
    debug "^4.3.4"
    mlly "^1.2.0"
    pathe "^1.1.0"
    picocolors "^1.0.0"
    vite "^3.0.0 || ^4.0.0"

"vite@^3.0.0 || ^4.0.0":
  version "4.5.5"
  resolved "https://registry.npmjs.org/vite/-/vite-4.5.5.tgz"
  integrity sha512-ifW3Lb2sMdX+WU91s3R0FyQlAyLxOzCSCP37ujw0+r5POeHPwe6udWVIElKQq8gk3t7b8rkmvqC6IHBpCff4GQ==
  dependencies:
    esbuild "^0.18.10"
    postcss "^8.4.27"
    rollup "^3.27.1"
  optionalDependencies:
    fsevents "~2.3.2"

vitest@^0.32.2:
  version "0.32.2"
  resolved "https://registry.npmjs.org/vitest/-/vitest-0.32.2.tgz"
  integrity sha512-hU8GNNuQfwuQmqTLfiKcqEhZY72Zxb7nnN07koCUNmntNxbKQnVbeIS6sqUgR3eXSlbOpit8+/gr1KpqoMgWCQ==
  dependencies:
    "@types/chai" "^4.3.5"
    "@types/chai-subset" "^1.3.3"
    "@types/node" "*"
    "@vitest/expect" "0.32.2"
    "@vitest/runner" "0.32.2"
    "@vitest/snapshot" "0.32.2"
    "@vitest/spy" "0.32.2"
    "@vitest/utils" "0.32.2"
    acorn "^8.8.2"
    acorn-walk "^8.2.0"
    cac "^6.7.14"
    chai "^4.3.7"
    concordance "^5.0.4"
    debug "^4.3.4"
    local-pkg "^0.4.3"
    magic-string "^0.30.0"
    pathe "^1.1.0"
    picocolors "^1.0.0"
    std-env "^3.3.2"
    strip-literal "^1.0.1"
    tinybench "^2.5.0"
    tinypool "^0.5.0"
    vite "^3.0.0 || ^4.0.0"
    vite-node "0.32.2"
    why-is-node-running "^2.2.2"

well-known-symbols@^2.0.0:
  version "2.0.0"
  resolved "https://registry.npmjs.org/well-known-symbols/-/well-known-symbols-2.0.0.tgz"
  integrity sha512-ZMjC3ho+KXo0BfJb7JgtQ5IBuvnShdlACNkKkdsqBmYw3bPAaJfPeYUo6tLUaT5tG/Gkh7xkpBhKRQ9e7pyg9Q==

why-is-node-running@^2.2.2:
  version "2.2.2"
  resolved "https://registry.npmjs.org/why-is-node-running/-/why-is-node-running-2.2.2.tgz"
  integrity sha512-6tSwToZxTOcotxHeA+qGCq1mVzKR3CwcJGmVcY+QE8SHy6TnpFnh8PAvPNHYr7EcuVeG0QSMxtYCuO1ta/G/oA==
  dependencies:
    siginfo "^2.0.0"
    stackback "0.0.2"

wrap-ansi@^6.2.0:
  version "6.2.0"
  resolved "https://registry.npmjs.org/wrap-ansi/-/wrap-ansi-6.2.0.tgz"
  integrity sha512-r6lPcBGxZXlIcymEu7InxDMhdW0KDxpLgoFLcguasxCaJ/SOIZwINatK9KY/tf+ZrlywOKU0UDj3ATXUBfxJXA==
  dependencies:
    ansi-styles "^4.0.0"
    string-width "^4.1.0"
    strip-ansi "^6.0.0"

yallist@^4.0.0:
  version "4.0.0"
  resolved "https://registry.npmjs.org/yallist/-/yallist-4.0.0.tgz"
  integrity sha512-3wdGidZyq5PB084XLES5TpOSRA3wjXAlIWMhum2kRcv/41Sn2emQ0dycQW4uZXLejwKvg6EsvbdlVL+FYEct7A==

yn@3.1.1:
  version "3.1.1"
  resolved "https://registry.npmjs.org/yn/-/yn-3.1.1.tgz"
  integrity sha512-Ux4ygGWsu2c7isFWe8Yu1YluJmqVhxqK2cLXNQA5AcC3QfbGNpM7fu0Y8b/z16pXLnFxZYvWhd3fhBY9DLmC6Q==

yocto-queue@^1.0.0:
  version "1.0.0"
  resolved "https://registry.npmjs.org/yocto-queue/-/yocto-queue-1.0.0.tgz"
  integrity sha512-9bnSc/HEW2uRy67wc+T8UwauLuPJVn28jb+GtJY16iiKWyvmYJRXVT4UamsAEGQfPohgr2q4Tq0sQbQlxTfi1g==
