# THIS IS AN AUTOGENERATED FILE. DO NOT EDIT THIS FILE DIRECTLY.
# yarn lockfile v1


"@notesnook/sodium@file:../sodium":
  version "2.1.3"
  dependencies:
    libsodium-wrappers-sumo "^0.7.15"

libsodium-sumo@^0.7.15:
  version "0.7.15"
  resolved "https://registry.yarnpkg.com/libsodium-sumo/-/libsodium-sumo-0.7.15.tgz#91c1d863fe3fbce6d6b9db1aadaa622733a1d007"
  integrity sha512-5tPmqPmq8T8Nikpm1Nqj0hBHvsLFCXvdhBFV7SGOitQPZAA6jso8XoL0r4L7vmfKXr486fiQInvErHtEvizFMw==

libsodium-wrappers-sumo@^0.7.15:
  version "0.7.15"
  resolved "https://registry.yarnpkg.com/libsodium-wrappers-sumo/-/libsodium-wrappers-sumo-0.7.15.tgz#0ef2a99b4b17e8385aa7e6850593660dbaf5fb40"
  integrity sha512-aSWY8wKDZh5TC7rMvEdTHoyppVq/1dTSAeAR7H6pzd6QRT3vQWcT5pGwCotLcpPEOLXX6VvqihSPkpEhYAjANA==
  dependencies:
    libsodium-sumo "^0.7.15"
